
Microsoft Visual Studio Solution File, Format Version 12.00
# Visual Studio 2013
VisualStudioVersion = 12.0.30324.0
MinimumVisualStudioVersion = 10.0.40219.1
Project("{FAE04EC0-301F-11D3-BF4B-00C04F79EFBC}") = "MaaasClientWin", "MaaasClientWin\MaaasClientWin.csproj", "{B80825FA-E75B-4E55-86F8-08D5FA0954B9}"
EndProject
Project("{2150E333-8FDC-42A3-9474-1A3956D46DE8}") = "Solution Items", "Solution Items", "{B6E5B653-1586-4159-96BC-CEAE61E1BA1F}"
	ProjectSection(SolutionItems) = preProject
		Notes.txt = Notes.txt
	EndProjectSection
EndProject
Project("{FAE04EC0-301F-11D3-BF4B-00C04F79EFBC}") = "MaaasClientWinPhone", "MaaasClientWinPhone\MaaasClientWinPhone.csproj", "{6CEBF531-CF26-4E0D-91DE-2A76D394C40C}"
EndProject
Project("{FAE04EC0-301F-11D3-BF4B-00C04F79EFBC}") = "MaaasClientAndroid", "MaaasClientAndroid\MaaasClientAndroid.csproj", "{0E61C099-F528-4CBB-A580-AC07D2E6D890}"
EndProject
Project("{FAE04EC0-301F-11D3-BF4B-00C04F79EFBC}") = "MaaasShared", "MaaasShared\MaaasShared.csproj", "{BDDFC401-097B-4FCB-B01D-12023B62DDEE}"
EndProject
Project("{FAE04EC0-301F-11D3-BF4B-00C04F79EFBC}") = "MaaasClientIOS", "MaaasClientIOS\MaaasClientIOS.csproj", "{463FF541-F091-48EC-B555-5F10C2EE5500}"
EndProject
Global
	GlobalSection(SolutionConfigurationPlatforms) = preSolution
		Ad-Hoc|Any CPU = Ad-Hoc|Any CPU
		Ad-Hoc|ARM = Ad-Hoc|ARM
		Ad-Hoc|iPhone = Ad-Hoc|iPhone
		Ad-Hoc|iPhoneSimulator = Ad-Hoc|iPhoneSimulator
		Ad-Hoc|Mixed Platforms = Ad-Hoc|Mixed Platforms
		Ad-Hoc|x64 = Ad-Hoc|x64
		Ad-Hoc|x86 = Ad-Hoc|x86
		AppStore|Any CPU = AppStore|Any CPU
		AppStore|ARM = AppStore|ARM
		AppStore|iPhone = AppStore|iPhone
		AppStore|iPhoneSimulator = AppStore|iPhoneSimulator
		AppStore|Mixed Platforms = AppStore|Mixed Platforms
		AppStore|x64 = AppStore|x64
		AppStore|x86 = AppStore|x86
		Debug|Any CPU = Debug|Any CPU
		Debug|ARM = Debug|ARM
		Debug|iPhone = Debug|iPhone
		Debug|iPhoneSimulator = Debug|iPhoneSimulator
		Debug|Mixed Platforms = Debug|Mixed Platforms
		Debug|x64 = Debug|x64
		Debug|x86 = Debug|x86
		Release|Any CPU = Release|Any CPU
		Release|ARM = Release|ARM
		Release|iPhone = Release|iPhone
		Release|iPhoneSimulator = Release|iPhoneSimulator
		Release|Mixed Platforms = Release|Mixed Platforms
		Release|x64 = Release|x64
		Release|x86 = Release|x86
	EndGlobalSection
	GlobalSection(ProjectConfigurationPlatforms) = postSolution
		{B80825FA-E75B-4E55-86F8-08D5FA0954B9}.Ad-Hoc|Any CPU.ActiveCfg = Release|Any CPU
		{B80825FA-E75B-4E55-86F8-08D5FA0954B9}.Ad-Hoc|Any CPU.Build.0 = Release|Any CPU
		{B80825FA-E75B-4E55-86F8-08D5FA0954B9}.Ad-Hoc|Any CPU.Deploy.0 = Release|Any CPU
		{B80825FA-E75B-4E55-86F8-08D5FA0954B9}.Ad-Hoc|ARM.ActiveCfg = Release|ARM
		{B80825FA-E75B-4E55-86F8-08D5FA0954B9}.Ad-Hoc|ARM.Build.0 = Release|ARM
		{B80825FA-E75B-4E55-86F8-08D5FA0954B9}.Ad-Hoc|ARM.Deploy.0 = Release|ARM
		{B80825FA-E75B-4E55-86F8-08D5FA0954B9}.Ad-Hoc|iPhone.ActiveCfg = Release|Any CPU
		{B80825FA-E75B-4E55-86F8-08D5FA0954B9}.Ad-Hoc|iPhoneSimulator.ActiveCfg = Release|Any CPU
		{B80825FA-E75B-4E55-86F8-08D5FA0954B9}.Ad-Hoc|Mixed Platforms.ActiveCfg = Release|x86
		{B80825FA-E75B-4E55-86F8-08D5FA0954B9}.Ad-Hoc|Mixed Platforms.Build.0 = Release|x86
		{B80825FA-E75B-4E55-86F8-08D5FA0954B9}.Ad-Hoc|Mixed Platforms.Deploy.0 = Release|x86
		{B80825FA-E75B-4E55-86F8-08D5FA0954B9}.Ad-Hoc|x64.ActiveCfg = Release|x64
		{B80825FA-E75B-4E55-86F8-08D5FA0954B9}.Ad-Hoc|x64.Build.0 = Release|x64
		{B80825FA-E75B-4E55-86F8-08D5FA0954B9}.Ad-Hoc|x64.Deploy.0 = Release|x64
		{B80825FA-E75B-4E55-86F8-08D5FA0954B9}.Ad-Hoc|x86.ActiveCfg = Release|x86
		{B80825FA-E75B-4E55-86F8-08D5FA0954B9}.Ad-Hoc|x86.Build.0 = Release|x86
		{B80825FA-E75B-4E55-86F8-08D5FA0954B9}.Ad-Hoc|x86.Deploy.0 = Release|x86
		{B80825FA-E75B-4E55-86F8-08D5FA0954B9}.AppStore|Any CPU.ActiveCfg = Release|Any CPU
		{B80825FA-E75B-4E55-86F8-08D5FA0954B9}.AppStore|Any CPU.Build.0 = Release|Any CPU
		{B80825FA-E75B-4E55-86F8-08D5FA0954B9}.AppStore|Any CPU.Deploy.0 = Release|Any CPU
		{B80825FA-E75B-4E55-86F8-08D5FA0954B9}.AppStore|ARM.ActiveCfg = Release|ARM
		{B80825FA-E75B-4E55-86F8-08D5FA0954B9}.AppStore|ARM.Build.0 = Release|ARM
		{B80825FA-E75B-4E55-86F8-08D5FA0954B9}.AppStore|ARM.Deploy.0 = Release|ARM
		{B80825FA-E75B-4E55-86F8-08D5FA0954B9}.AppStore|iPhone.ActiveCfg = Release|Any CPU
		{B80825FA-E75B-4E55-86F8-08D5FA0954B9}.AppStore|iPhoneSimulator.ActiveCfg = Release|Any CPU
		{B80825FA-E75B-4E55-86F8-08D5FA0954B9}.AppStore|Mixed Platforms.ActiveCfg = Release|x86
		{B80825FA-E75B-4E55-86F8-08D5FA0954B9}.AppStore|Mixed Platforms.Build.0 = Release|x86
		{B80825FA-E75B-4E55-86F8-08D5FA0954B9}.AppStore|Mixed Platforms.Deploy.0 = Release|x86
		{B80825FA-E75B-4E55-86F8-08D5FA0954B9}.AppStore|x64.ActiveCfg = Release|x64
		{B80825FA-E75B-4E55-86F8-08D5FA0954B9}.AppStore|x64.Build.0 = Release|x64
		{B80825FA-E75B-4E55-86F8-08D5FA0954B9}.AppStore|x64.Deploy.0 = Release|x64
		{B80825FA-E75B-4E55-86F8-08D5FA0954B9}.AppStore|x86.ActiveCfg = Release|x86
		{B80825FA-E75B-4E55-86F8-08D5FA0954B9}.AppStore|x86.Build.0 = Release|x86
		{B80825FA-E75B-4E55-86F8-08D5FA0954B9}.AppStore|x86.Deploy.0 = Release|x86
		{B80825FA-E75B-4E55-86F8-08D5FA0954B9}.Debug|Any CPU.ActiveCfg = Debug|Any CPU
		{B80825FA-E75B-4E55-86F8-08D5FA0954B9}.Debug|Any CPU.Build.0 = Debug|Any CPU
		{B80825FA-E75B-4E55-86F8-08D5FA0954B9}.Debug|Any CPU.Deploy.0 = Debug|Any CPU
		{B80825FA-E75B-4E55-86F8-08D5FA0954B9}.Debug|ARM.ActiveCfg = Debug|ARM
		{B80825FA-E75B-4E55-86F8-08D5FA0954B9}.Debug|ARM.Build.0 = Debug|ARM
		{B80825FA-E75B-4E55-86F8-08D5FA0954B9}.Debug|ARM.Deploy.0 = Debug|ARM
		{B80825FA-E75B-4E55-86F8-08D5FA0954B9}.Debug|iPhone.ActiveCfg = Debug|Any CPU
		{B80825FA-E75B-4E55-86F8-08D5FA0954B9}.Debug|iPhone.Build.0 = Debug|Any CPU
		{B80825FA-E75B-4E55-86F8-08D5FA0954B9}.Debug|iPhone.Deploy.0 = Debug|Any CPU
		{B80825FA-E75B-4E55-86F8-08D5FA0954B9}.Debug|iPhoneSimulator.ActiveCfg = Debug|Any CPU
		{B80825FA-E75B-4E55-86F8-08D5FA0954B9}.Debug|Mixed Platforms.ActiveCfg = Debug|x86
		{B80825FA-E75B-4E55-86F8-08D5FA0954B9}.Debug|Mixed Platforms.Build.0 = Debug|x86
		{B80825FA-E75B-4E55-86F8-08D5FA0954B9}.Debug|Mixed Platforms.Deploy.0 = Debug|x86
		{B80825FA-E75B-4E55-86F8-08D5FA0954B9}.Debug|x64.ActiveCfg = Debug|x64
		{B80825FA-E75B-4E55-86F8-08D5FA0954B9}.Debug|x64.Build.0 = Debug|x64
		{B80825FA-E75B-4E55-86F8-08D5FA0954B9}.Debug|x64.Deploy.0 = Debug|x64
		{B80825FA-E75B-4E55-86F8-08D5FA0954B9}.Debug|x86.ActiveCfg = Debug|x86
		{B80825FA-E75B-4E55-86F8-08D5FA0954B9}.Debug|x86.Build.0 = Debug|x86
		{B80825FA-E75B-4E55-86F8-08D5FA0954B9}.Debug|x86.Deploy.0 = Debug|x86
		{B80825FA-E75B-4E55-86F8-08D5FA0954B9}.Release|Any CPU.ActiveCfg = Release|Any CPU
		{B80825FA-E75B-4E55-86F8-08D5FA0954B9}.Release|Any CPU.Build.0 = Release|Any CPU
		{B80825FA-E75B-4E55-86F8-08D5FA0954B9}.Release|Any CPU.Deploy.0 = Release|Any CPU
		{B80825FA-E75B-4E55-86F8-08D5FA0954B9}.Release|ARM.ActiveCfg = Release|ARM
		{B80825FA-E75B-4E55-86F8-08D5FA0954B9}.Release|ARM.Build.0 = Release|ARM
		{B80825FA-E75B-4E55-86F8-08D5FA0954B9}.Release|ARM.Deploy.0 = Release|ARM
		{B80825FA-E75B-4E55-86F8-08D5FA0954B9}.Release|iPhone.ActiveCfg = Release|Any CPU
		{B80825FA-E75B-4E55-86F8-08D5FA0954B9}.Release|iPhoneSimulator.ActiveCfg = Release|Any CPU
		{B80825FA-E75B-4E55-86F8-08D5FA0954B9}.Release|Mixed Platforms.ActiveCfg = Release|x86
		{B80825FA-E75B-4E55-86F8-08D5FA0954B9}.Release|Mixed Platforms.Build.0 = Release|x86
		{B80825FA-E75B-4E55-86F8-08D5FA0954B9}.Release|Mixed Platforms.Deploy.0 = Release|x86
		{B80825FA-E75B-4E55-86F8-08D5FA0954B9}.Release|x64.ActiveCfg = Release|x64
		{B80825FA-E75B-4E55-86F8-08D5FA0954B9}.Release|x64.Build.0 = Release|x64
		{B80825FA-E75B-4E55-86F8-08D5FA0954B9}.Release|x64.Deploy.0 = Release|x64
		{B80825FA-E75B-4E55-86F8-08D5FA0954B9}.Release|x86.ActiveCfg = Release|x86
		{B80825FA-E75B-4E55-86F8-08D5FA0954B9}.Release|x86.Build.0 = Release|x86
		{B80825FA-E75B-4E55-86F8-08D5FA0954B9}.Release|x86.Deploy.0 = Release|x86
		{6CEBF531-CF26-4E0D-91DE-2A76D394C40C}.Ad-Hoc|Any CPU.ActiveCfg = Release|Any CPU
		{6CEBF531-CF26-4E0D-91DE-2A76D394C40C}.Ad-Hoc|Any CPU.Build.0 = Release|Any CPU
		{6CEBF531-CF26-4E0D-91DE-2A76D394C40C}.Ad-Hoc|Any CPU.Deploy.0 = Release|Any CPU
		{6CEBF531-CF26-4E0D-91DE-2A76D394C40C}.Ad-Hoc|ARM.ActiveCfg = Release|ARM
		{6CEBF531-CF26-4E0D-91DE-2A76D394C40C}.Ad-Hoc|ARM.Build.0 = Release|ARM
		{6CEBF531-CF26-4E0D-91DE-2A76D394C40C}.Ad-Hoc|ARM.Deploy.0 = Release|ARM
		{6CEBF531-CF26-4E0D-91DE-2A76D394C40C}.Ad-Hoc|iPhone.ActiveCfg = Release|Any CPU
		{6CEBF531-CF26-4E0D-91DE-2A76D394C40C}.Ad-Hoc|iPhoneSimulator.ActiveCfg = Release|Any CPU
		{6CEBF531-CF26-4E0D-91DE-2A76D394C40C}.Ad-Hoc|Mixed Platforms.ActiveCfg = Release|x86
		{6CEBF531-CF26-4E0D-91DE-2A76D394C40C}.Ad-Hoc|Mixed Platforms.Build.0 = Release|x86
		{6CEBF531-CF26-4E0D-91DE-2A76D394C40C}.Ad-Hoc|Mixed Platforms.Deploy.0 = Release|x86
		{6CEBF531-CF26-4E0D-91DE-2A76D394C40C}.Ad-Hoc|x64.ActiveCfg = Release|Any CPU
		{6CEBF531-CF26-4E0D-91DE-2A76D394C40C}.Ad-Hoc|x86.ActiveCfg = Release|x86
		{6CEBF531-CF26-4E0D-91DE-2A76D394C40C}.Ad-Hoc|x86.Build.0 = Release|x86
		{6CEBF531-CF26-4E0D-91DE-2A76D394C40C}.Ad-Hoc|x86.Deploy.0 = Release|x86
		{6CEBF531-CF26-4E0D-91DE-2A76D394C40C}.AppStore|Any CPU.ActiveCfg = Release|Any CPU
		{6CEBF531-CF26-4E0D-91DE-2A76D394C40C}.AppStore|Any CPU.Build.0 = Release|Any CPU
		{6CEBF531-CF26-4E0D-91DE-2A76D394C40C}.AppStore|Any CPU.Deploy.0 = Release|Any CPU
		{6CEBF531-CF26-4E0D-91DE-2A76D394C40C}.AppStore|ARM.ActiveCfg = Release|ARM
		{6CEBF531-CF26-4E0D-91DE-2A76D394C40C}.AppStore|ARM.Build.0 = Release|ARM
		{6CEBF531-CF26-4E0D-91DE-2A76D394C40C}.AppStore|ARM.Deploy.0 = Release|ARM
		{6CEBF531-CF26-4E0D-91DE-2A76D394C40C}.AppStore|iPhone.ActiveCfg = Release|Any CPU
		{6CEBF531-CF26-4E0D-91DE-2A76D394C40C}.AppStore|iPhoneSimulator.ActiveCfg = Release|Any CPU
		{6CEBF531-CF26-4E0D-91DE-2A76D394C40C}.AppStore|Mixed Platforms.ActiveCfg = Release|x86
		{6CEBF531-CF26-4E0D-91DE-2A76D394C40C}.AppStore|Mixed Platforms.Build.0 = Release|x86
		{6CEBF531-CF26-4E0D-91DE-2A76D394C40C}.AppStore|Mixed Platforms.Deploy.0 = Release|x86
		{6CEBF531-CF26-4E0D-91DE-2A76D394C40C}.AppStore|x64.ActiveCfg = Release|Any CPU
		{6CEBF531-CF26-4E0D-91DE-2A76D394C40C}.AppStore|x86.ActiveCfg = Release|x86
		{6CEBF531-CF26-4E0D-91DE-2A76D394C40C}.AppStore|x86.Build.0 = Release|x86
		{6CEBF531-CF26-4E0D-91DE-2A76D394C40C}.AppStore|x86.Deploy.0 = Release|x86
		{6CEBF531-CF26-4E0D-91DE-2A76D394C40C}.Debug|Any CPU.ActiveCfg = Debug|Any CPU
		{6CEBF531-CF26-4E0D-91DE-2A76D394C40C}.Debug|Any CPU.Build.0 = Debug|Any CPU
		{6CEBF531-CF26-4E0D-91DE-2A76D394C40C}.Debug|Any CPU.Deploy.0 = Debug|Any CPU
		{6CEBF531-CF26-4E0D-91DE-2A76D394C40C}.Debug|ARM.ActiveCfg = Debug|ARM
		{6CEBF531-CF26-4E0D-91DE-2A76D394C40C}.Debug|ARM.Build.0 = Debug|ARM
		{6CEBF531-CF26-4E0D-91DE-2A76D394C40C}.Debug|ARM.Deploy.0 = Debug|ARM
		{6CEBF531-CF26-4E0D-91DE-2A76D394C40C}.Debug|iPhone.ActiveCfg = Debug|Any CPU
		{6CEBF531-CF26-4E0D-91DE-2A76D394C40C}.Debug|iPhone.Build.0 = Debug|Any CPU
		{6CEBF531-CF26-4E0D-91DE-2A76D394C40C}.Debug|iPhone.Deploy.0 = Debug|Any CPU
		{6CEBF531-CF26-4E0D-91DE-2A76D394C40C}.Debug|iPhoneSimulator.ActiveCfg = Debug|Any CPU
		{6CEBF531-CF26-4E0D-91DE-2A76D394C40C}.Debug|Mixed Platforms.ActiveCfg = Debug|Any CPU
		{6CEBF531-CF26-4E0D-91DE-2A76D394C40C}.Debug|Mixed Platforms.Build.0 = Debug|Any CPU
		{6CEBF531-CF26-4E0D-91DE-2A76D394C40C}.Debug|Mixed Platforms.Deploy.0 = Debug|Any CPU
		{6CEBF531-CF26-4E0D-91DE-2A76D394C40C}.Debug|x64.ActiveCfg = Debug|Any CPU
		{6CEBF531-CF26-4E0D-91DE-2A76D394C40C}.Debug|x86.ActiveCfg = Debug|x86
		{6CEBF531-CF26-4E0D-91DE-2A76D394C40C}.Debug|x86.Build.0 = Debug|x86
		{6CEBF531-CF26-4E0D-91DE-2A76D394C40C}.Debug|x86.Deploy.0 = Debug|x86
		{6CEBF531-CF26-4E0D-91DE-2A76D394C40C}.Release|Any CPU.ActiveCfg = Release|Any CPU
		{6CEBF531-CF26-4E0D-91DE-2A76D394C40C}.Release|Any CPU.Build.0 = Release|Any CPU
		{6CEBF531-CF26-4E0D-91DE-2A76D394C40C}.Release|Any CPU.Deploy.0 = Release|Any CPU
		{6CEBF531-CF26-4E0D-91DE-2A76D394C40C}.Release|ARM.ActiveCfg = Release|ARM
		{6CEBF531-CF26-4E0D-91DE-2A76D394C40C}.Release|ARM.Build.0 = Release|ARM
		{6CEBF531-CF26-4E0D-91DE-2A76D394C40C}.Release|ARM.Deploy.0 = Release|ARM
		{6CEBF531-CF26-4E0D-91DE-2A76D394C40C}.Release|iPhone.ActiveCfg = Release|Any CPU
		{6CEBF531-CF26-4E0D-91DE-2A76D394C40C}.Release|iPhoneSimulator.ActiveCfg = Release|Any CPU
		{6CEBF531-CF26-4E0D-91DE-2A76D394C40C}.Release|Mixed Platforms.ActiveCfg = Release|x86
		{6CEBF531-CF26-4E0D-91DE-2A76D394C40C}.Release|Mixed Platforms.Build.0 = Release|x86
		{6CEBF531-CF26-4E0D-91DE-2A76D394C40C}.Release|Mixed Platforms.Deploy.0 = Release|x86
		{6CEBF531-CF26-4E0D-91DE-2A76D394C40C}.Release|x64.ActiveCfg = Release|Any CPU
		{6CEBF531-CF26-4E0D-91DE-2A76D394C40C}.Release|x86.ActiveCfg = Release|x86
		{6CEBF531-CF26-4E0D-91DE-2A76D394C40C}.Release|x86.Build.0 = Release|x86
		{6CEBF531-CF26-4E0D-91DE-2A76D394C40C}.Release|x86.Deploy.0 = Release|x86
		{0E61C099-F528-4CBB-A580-AC07D2E6D890}.Ad-Hoc|Any CPU.ActiveCfg = Release|Any CPU
		{0E61C099-F528-4CBB-A580-AC07D2E6D890}.Ad-Hoc|Any CPU.Build.0 = Release|Any CPU
		{0E61C099-F528-4CBB-A580-AC07D2E6D890}.Ad-Hoc|Any CPU.Deploy.0 = Release|Any CPU
		{0E61C099-F528-4CBB-A580-AC07D2E6D890}.Ad-Hoc|ARM.ActiveCfg = Release|Any CPU
		{0E61C099-F528-4CBB-A580-AC07D2E6D890}.Ad-Hoc|iPhone.ActiveCfg = Release|Any CPU
		{0E61C099-F528-4CBB-A580-AC07D2E6D890}.Ad-Hoc|iPhoneSimulator.ActiveCfg = Release|Any CPU
		{0E61C099-F528-4CBB-A580-AC07D2E6D890}.Ad-Hoc|Mixed Platforms.ActiveCfg = Release|Any CPU
		{0E61C099-F528-4CBB-A580-AC07D2E6D890}.Ad-Hoc|Mixed Platforms.Build.0 = Release|Any CPU
		{0E61C099-F528-4CBB-A580-AC07D2E6D890}.Ad-Hoc|Mixed Platforms.Deploy.0 = Release|Any CPU
		{0E61C099-F528-4CBB-A580-AC07D2E6D890}.Ad-Hoc|x64.ActiveCfg = Release|Any CPU
		{0E61C099-F528-4CBB-A580-AC07D2E6D890}.Ad-Hoc|x86.ActiveCfg = Release|Any CPU
		{0E61C099-F528-4CBB-A580-AC07D2E6D890}.AppStore|Any CPU.ActiveCfg = Release|Any CPU
		{0E61C099-F528-4CBB-A580-AC07D2E6D890}.AppStore|Any CPU.Build.0 = Release|Any CPU
		{0E61C099-F528-4CBB-A580-AC07D2E6D890}.AppStore|Any CPU.Deploy.0 = Release|Any CPU
		{0E61C099-F528-4CBB-A580-AC07D2E6D890}.AppStore|ARM.ActiveCfg = Release|Any CPU
		{0E61C099-F528-4CBB-A580-AC07D2E6D890}.AppStore|iPhone.ActiveCfg = Release|Any CPU
		{0E61C099-F528-4CBB-A580-AC07D2E6D890}.AppStore|iPhoneSimulator.ActiveCfg = Release|Any CPU
		{0E61C099-F528-4CBB-A580-AC07D2E6D890}.AppStore|Mixed Platforms.ActiveCfg = Release|Any CPU
		{0E61C099-F528-4CBB-A580-AC07D2E6D890}.AppStore|Mixed Platforms.Build.0 = Release|Any CPU
		{0E61C099-F528-4CBB-A580-AC07D2E6D890}.AppStore|Mixed Platforms.Deploy.0 = Release|Any CPU
		{0E61C099-F528-4CBB-A580-AC07D2E6D890}.AppStore|x64.ActiveCfg = Release|Any CPU
		{0E61C099-F528-4CBB-A580-AC07D2E6D890}.AppStore|x86.ActiveCfg = Release|Any CPU
		{0E61C099-F528-4CBB-A580-AC07D2E6D890}.Debug|Any CPU.ActiveCfg = Debug|Any CPU
		{0E61C099-F528-4CBB-A580-AC07D2E6D890}.Debug|Any CPU.Build.0 = Debug|Any CPU
		{0E61C099-F528-4CBB-A580-AC07D2E6D890}.Debug|Any CPU.Deploy.0 = Debug|Any CPU
		{0E61C099-F528-4CBB-A580-AC07D2E6D890}.Debug|ARM.ActiveCfg = Debug|Any CPU
		{0E61C099-F528-4CBB-A580-AC07D2E6D890}.Debug|iPhone.ActiveCfg = Debug|Any CPU
		{0E61C099-F528-4CBB-A580-AC07D2E6D890}.Debug|iPhone.Build.0 = Debug|Any CPU
		{0E61C099-F528-4CBB-A580-AC07D2E6D890}.Debug|iPhone.Deploy.0 = Debug|Any CPU
		{0E61C099-F528-4CBB-A580-AC07D2E6D890}.Debug|iPhoneSimulator.ActiveCfg = Debug|Any CPU
		{0E61C099-F528-4CBB-A580-AC07D2E6D890}.Debug|Mixed Platforms.ActiveCfg = Debug|Any CPU
		{0E61C099-F528-4CBB-A580-AC07D2E6D890}.Debug|Mixed Platforms.Build.0 = Debug|Any CPU
		{0E61C099-F528-4CBB-A580-AC07D2E6D890}.Debug|Mixed Platforms.Deploy.0 = Debug|Any CPU
		{0E61C099-F528-4CBB-A580-AC07D2E6D890}.Debug|x64.ActiveCfg = Debug|Any CPU
		{0E61C099-F528-4CBB-A580-AC07D2E6D890}.Debug|x86.ActiveCfg = Debug|Any CPU
		{0E61C099-F528-4CBB-A580-AC07D2E6D890}.Release|Any CPU.ActiveCfg = Release|Any CPU
		{0E61C099-F528-4CBB-A580-AC07D2E6D890}.Release|Any CPU.Build.0 = Release|Any CPU
		{0E61C099-F528-4CBB-A580-AC07D2E6D890}.Release|Any CPU.Deploy.0 = Release|Any CPU
		{0E61C099-F528-4CBB-A580-AC07D2E6D890}.Release|ARM.ActiveCfg = Release|Any CPU
		{0E61C099-F528-4CBB-A580-AC07D2E6D890}.Release|iPhone.ActiveCfg = Release|Any CPU
		{0E61C099-F528-4CBB-A580-AC07D2E6D890}.Release|iPhoneSimulator.ActiveCfg = Release|Any CPU
		{0E61C099-F528-4CBB-A580-AC07D2E6D890}.Release|Mixed Platforms.ActiveCfg = Release|Any CPU
		{0E61C099-F528-4CBB-A580-AC07D2E6D890}.Release|Mixed Platforms.Build.0 = Release|Any CPU
		{0E61C099-F528-4CBB-A580-AC07D2E6D890}.Release|Mixed Platforms.Deploy.0 = Release|Any CPU
		{0E61C099-F528-4CBB-A580-AC07D2E6D890}.Release|x64.ActiveCfg = Release|Any CPU
		{0E61C099-F528-4CBB-A580-AC07D2E6D890}.Release|x86.ActiveCfg = Release|Any CPU
		{BDDFC401-097B-4FCB-B01D-12023B62DDEE}.Ad-Hoc|Any CPU.ActiveCfg = Release|Any CPU
		{BDDFC401-097B-4FCB-B01D-12023B62DDEE}.Ad-Hoc|Any CPU.Build.0 = Release|Any CPU
		{BDDFC401-097B-4FCB-B01D-12023B62DDEE}.Ad-Hoc|ARM.ActiveCfg = Release|Any CPU
		{BDDFC401-097B-4FCB-B01D-12023B62DDEE}.Ad-Hoc|iPhone.ActiveCfg = Release|Any CPU
		{BDDFC401-097B-4FCB-B01D-12023B62DDEE}.Ad-Hoc|iPhoneSimulator.ActiveCfg = Release|Any CPU
		{BDDFC401-097B-4FCB-B01D-12023B62DDEE}.Ad-Hoc|Mixed Platforms.ActiveCfg = Release|Any CPU
		{BDDFC401-097B-4FCB-B01D-12023B62DDEE}.Ad-Hoc|Mixed Platforms.Build.0 = Release|Any CPU
		{BDDFC401-097B-4FCB-B01D-12023B62DDEE}.Ad-Hoc|x64.ActiveCfg = Release|Any CPU
		{BDDFC401-097B-4FCB-B01D-12023B62DDEE}.Ad-Hoc|x86.ActiveCfg = Release|Any CPU
		{BDDFC401-097B-4FCB-B01D-12023B62DDEE}.AppStore|Any CPU.ActiveCfg = Release|Any CPU
		{BDDFC401-097B-4FCB-B01D-12023B62DDEE}.AppStore|Any CPU.Build.0 = Release|Any CPU
		{BDDFC401-097B-4FCB-B01D-12023B62DDEE}.AppStore|ARM.ActiveCfg = Release|Any CPU
		{BDDFC401-097B-4FCB-B01D-12023B62DDEE}.AppStore|iPhone.ActiveCfg = Release|Any CPU
		{BDDFC401-097B-4FCB-B01D-12023B62DDEE}.AppStore|iPhoneSimulator.ActiveCfg = Release|Any CPU
		{BDDFC401-097B-4FCB-B01D-12023B62DDEE}.AppStore|Mixed Platforms.ActiveCfg = Release|Any CPU
		{BDDFC401-097B-4FCB-B01D-12023B62DDEE}.AppStore|Mixed Platforms.Build.0 = Release|Any CPU
		{BDDFC401-097B-4FCB-B01D-12023B62DDEE}.AppStore|x64.ActiveCfg = Release|Any CPU
		{BDDFC401-097B-4FCB-B01D-12023B62DDEE}.AppStore|x86.ActiveCfg = Release|Any CPU
		{BDDFC401-097B-4FCB-B01D-12023B62DDEE}.Debug|Any CPU.ActiveCfg = Debug|Any CPU
		{BDDFC401-097B-4FCB-B01D-12023B62DDEE}.Debug|Any CPU.Build.0 = Debug|Any CPU
		{BDDFC401-097B-4FCB-B01D-12023B62DDEE}.Debug|ARM.ActiveCfg = Debug|Any CPU
		{BDDFC401-097B-4FCB-B01D-12023B62DDEE}.Debug|iPhone.ActiveCfg = Debug|Any CPU
		{BDDFC401-097B-4FCB-B01D-12023B62DDEE}.Debug|iPhoneSimulator.ActiveCfg = Debug|Any CPU
		{BDDFC401-097B-4FCB-B01D-12023B62DDEE}.Debug|Mixed Platforms.ActiveCfg = Debug|Any CPU
		{BDDFC401-097B-4FCB-B01D-12023B62DDEE}.Debug|x64.ActiveCfg = Debug|Any CPU
		{BDDFC401-097B-4FCB-B01D-12023B62DDEE}.Debug|x86.ActiveCfg = Debug|Any CPU
		{BDDFC401-097B-4FCB-B01D-12023B62DDEE}.Release|Any CPU.ActiveCfg = Release|Any CPU
		{BDDFC401-097B-4FCB-B01D-12023B62DDEE}.Release|Any CPU.Build.0 = Release|Any CPU
		{BDDFC401-097B-4FCB-B01D-12023B62DDEE}.Release|ARM.ActiveCfg = Release|Any CPU
		{BDDFC401-097B-4FCB-B01D-12023B62DDEE}.Release|iPhone.ActiveCfg = Release|Any CPU
		{BDDFC401-097B-4FCB-B01D-12023B62DDEE}.Release|iPhoneSimulator.ActiveCfg = Release|Any CPU
		{BDDFC401-097B-4FCB-B01D-12023B62DDEE}.Release|Mixed Platforms.ActiveCfg = Release|Any CPU
		{BDDFC401-097B-4FCB-B01D-12023B62DDEE}.Release|Mixed Platforms.Build.0 = Release|Any CPU
		{BDDFC401-097B-4FCB-B01D-12023B62DDEE}.Release|x64.ActiveCfg = Release|Any CPU
		{BDDFC401-097B-4FCB-B01D-12023B62DDEE}.Release|x86.ActiveCfg = Release|Any CPU
		{463FF541-F091-48EC-B555-5F10C2EE5500}.Ad-Hoc|Any CPU.ActiveCfg = Ad-Hoc|iPhone
		{463FF541-F091-48EC-B555-5F10C2EE5500}.Ad-Hoc|ARM.ActiveCfg = Ad-Hoc|iPhone
		{463FF541-F091-48EC-B555-5F10C2EE5500}.Ad-Hoc|iPhone.ActiveCfg = Ad-Hoc|iPhone
		{463FF541-F091-48EC-B555-5F10C2EE5500}.Ad-Hoc|iPhone.Build.0 = Ad-Hoc|iPhone
		{463FF541-F091-48EC-B555-5F10C2EE5500}.Ad-Hoc|iPhone.Deploy.0 = Ad-Hoc|iPhone
		{463FF541-F091-48EC-B555-5F10C2EE5500}.Ad-Hoc|iPhoneSimulator.ActiveCfg = Ad-Hoc|iPhoneSimulator
		{463FF541-F091-48EC-B555-5F10C2EE5500}.Ad-Hoc|iPhoneSimulator.Build.0 = Ad-Hoc|iPhoneSimulator
		{463FF541-F091-48EC-B555-5F10C2EE5500}.Ad-Hoc|iPhoneSimulator.Deploy.0 = Ad-Hoc|iPhoneSimulator
		{463FF541-F091-48EC-B555-5F10C2EE5500}.Ad-Hoc|Mixed Platforms.ActiveCfg = Ad-Hoc|iPhone
		{463FF541-F091-48EC-B555-5F10C2EE5500}.Ad-Hoc|Mixed Platforms.Build.0 = Ad-Hoc|iPhone
		{463FF541-F091-48EC-B555-5F10C2EE5500}.Ad-Hoc|Mixed Platforms.Deploy.0 = Ad-Hoc|iPhone
		{463FF541-F091-48EC-B555-5F10C2EE5500}.Ad-Hoc|x64.ActiveCfg = Ad-Hoc|iPhone
		{463FF541-F091-48EC-B555-5F10C2EE5500}.Ad-Hoc|x86.ActiveCfg = Ad-Hoc|iPhone
		{463FF541-F091-48EC-B555-5F10C2EE5500}.AppStore|Any CPU.ActiveCfg = AppStore|iPhone
		{463FF541-F091-48EC-B555-5F10C2EE5500}.AppStore|ARM.ActiveCfg = AppStore|iPhone
		{463FF541-F091-48EC-B555-5F10C2EE5500}.AppStore|iPhone.ActiveCfg = AppStore|iPhone
		{463FF541-F091-48EC-B555-5F10C2EE5500}.AppStore|iPhone.Build.0 = AppStore|iPhone
		{463FF541-F091-48EC-B555-5F10C2EE5500}.AppStore|iPhone.Deploy.0 = AppStore|iPhone
		{463FF541-F091-48EC-B555-5F10C2EE5500}.AppStore|iPhoneSimulator.ActiveCfg = AppStore|iPhoneSimulator
		{463FF541-F091-48EC-B555-5F10C2EE5500}.AppStore|iPhoneSimulator.Build.0 = AppStore|iPhoneSimulator
		{463FF541-F091-48EC-B555-5F10C2EE5500}.AppStore|iPhoneSimulator.Deploy.0 = AppStore|iPhoneSimulator
		{463FF541-F091-48EC-B555-5F10C2EE5500}.AppStore|Mixed Platforms.ActiveCfg = AppStore|iPhone
		{463FF541-F091-48EC-B555-5F10C2EE5500}.AppStore|Mixed Platforms.Build.0 = AppStore|iPhone
		{463FF541-F091-48EC-B555-5F10C2EE5500}.AppStore|Mixed Platforms.Deploy.0 = AppStore|iPhone
		{463FF541-F091-48EC-B555-5F10C2EE5500}.AppStore|x64.ActiveCfg = AppStore|iPhone
		{463FF541-F091-48EC-B555-5F10C2EE5500}.AppStore|x86.ActiveCfg = AppStore|iPhone
		{463FF541-F091-48EC-B555-5F10C2EE5500}.Debug|Any CPU.ActiveCfg = Debug|iPhone
		{463FF541-F091-48EC-B555-5F10C2EE5500}.Debug|ARM.ActiveCfg = Debug|iPhone
		{463FF541-F091-48EC-B555-5F10C2EE5500}.Debug|iPhone.ActiveCfg = Debug|iPhone
		{463FF541-F091-48EC-B555-5F10C2EE5500}.Debug|iPhone.Build.0 = Debug|iPhone
		{463FF541-F091-48EC-B555-5F10C2EE5500}.Debug|iPhone.Deploy.0 = Debug|iPhone
		{463FF541-F091-48EC-B555-5F10C2EE5500}.Debug|iPhoneSimulator.ActiveCfg = Debug|iPhoneSimulator
		{463FF541-F091-48EC-B555-5F10C2EE5500}.Debug|iPhoneSimulator.Build.0 = Debug|iPhoneSimulator
		{463FF541-F091-48EC-B555-5F10C2EE5500}.Debug|iPhoneSimulator.Deploy.0 = Debug|iPhoneSimulator
		{463FF541-F091-48EC-B555-5F10C2EE5500}.Debug|Mixed Platforms.ActiveCfg = Debug|iPhone
		{463FF541-F091-48EC-B555-5F10C2EE5500}.Debug|Mixed Platforms.Build.0 = Debug|iPhone
		{463FF541-F091-48EC-B555-5F10C2EE5500}.Debug|Mixed Platforms.Deploy.0 = Debug|iPhone
		{463FF541-F091-48EC-B555-5F10C2EE5500}.Debug|x64.ActiveCfg = Debug|iPhone
		{463FF541-F091-48EC-B555-5F10C2EE5500}.Debug|x86.ActiveCfg = Debug|iPhone
		{463FF541-F091-48EC-B555-5F10C2EE5500}.Release|Any CPU.ActiveCfg = Release|iPhone
		{463FF541-F091-48EC-B555-5F10C2EE5500}.Release|ARM.ActiveCfg = Release|iPhone
		{463FF541-F091-48EC-B555-5F10C2EE5500}.Release|iPhone.ActiveCfg = Release|iPhone
		{463FF541-F091-48EC-B555-5F10C2EE5500}.Release|iPhone.Build.0 = Release|iPhone
		{463FF541-F091-48EC-B555-5F10C2EE5500}.Release|iPhone.Deploy.0 = Release|iPhone
		{463FF541-F091-48EC-B555-5F10C2EE5500}.Release|iPhoneSimulator.ActiveCfg = Release|iPhoneSimulator
		{463FF541-F091-48EC-B555-5F10C2EE5500}.Release|iPhoneSimulator.Build.0 = Release|iPhoneSimulator
		{463FF541-F091-48EC-B555-5F10C2EE5500}.Release|iPhoneSimulator.Deploy.0 = Release|iPhoneSimulator
		{463FF541-F091-48EC-B555-5F10C2EE5500}.Release|Mixed Platforms.ActiveCfg = Release|iPhone
		{463FF541-F091-48EC-B555-5F10C2EE5500}.Release|Mixed Platforms.Build.0 = Release|iPhone
		{463FF541-F091-48EC-B555-5F10C2EE5500}.Release|Mixed Platforms.Deploy.0 = Release|iPhone
		{463FF541-F091-48EC-B555-5F10C2EE5500}.Release|x64.ActiveCfg = Release|iPhone
		{463FF541-F091-48EC-B555-5F10C2EE5500}.Release|x86.ActiveCfg = Release|iPhone
	EndGlobalSection
	GlobalSection(SolutionProperties) = preSolution
		HideSolutionNode = FALSE
	EndGlobalSection
EndGlobal
